
Microsoft Visual Studio Solution File, Format Version 12.00
# Visual Studio Version 17
VisualStudioVersion = 17.5.33502.453
MinimumVisualStudioVersion = 10.0.40219.1
Project("{FAE04EC0-301F-11D3-BF4B-00C04F79EFBC}") = "CodeWarsKatas", "CodeWarsKatas\CodeWarsKatas.csproj", "{7FC032BA-1ADF-42C2-9086-46811DF1AC7B}"
EndProject
Project("{FAE04EC0-301F-11D3-BF4B-00C04F79EFBC}") = "CodeWarsKatasTest", "CodeWarsKatasTest\CodeWarsKatasTest.csproj", "{7434038D-0C24-4A21-8740-7A3B59B51BE7}"
EndProject
Global
	GlobalSection(SolutionConfigurationPlatforms) = preSolution
		Debug|Any CPU = Debug|Any CPU
		Release|Any CPU = Release|Any CPU
	EndGlobalSection
	GlobalSection(ProjectConfigurationPlatforms) = postSolution
		{7FC032BA-1ADF-42C2-9086-46811DF1AC7B}.Debug|Any CPU.ActiveCfg = Debug|Any CPU
		{7FC032BA-1ADF-42C2-9086-46811DF1AC7B}.Debug|Any CPU.Build.0 = Debug|Any CPU
		{7FC032BA-1ADF-42C2-9086-46811DF1AC7B}.Release|Any CPU.ActiveCfg = Release|Any CPU
		{7FC032BA-1ADF-42C2-9086-46811DF1AC7B}.Release|Any CPU.Build.0 = Release|Any CPU
		{7434038D-0C24-4A21-8740-7A3B59B51BE7}.Debug|Any CPU.ActiveCfg = Debug|Any CPU
		{7434038D-0C24-4A21-8740-7A3B59B51BE7}.Debug|Any CPU.Build.0 = Debug|Any CPU
		{7434038D-0C24-4A21-8740-7A3B59B51BE7}.Release|Any CPU.ActiveCfg = Release|Any CPU
		{7434038D-0C24-4A21-8740-7A3B59B51BE7}.Release|Any CPU.Build.0 = Release|Any CPU
	EndGlobalSection
	GlobalSection(SolutionProperties) = preSolution
		HideSolutionNode = FALSE
	EndGlobalSection
	GlobalSection(ExtensibilityGlobals) = postSolution
		SolutionGuid = {D5104161-EED8-4089-8563-3A226D1391C9}
	EndGlobalSection
EndGlobal
